
Microsoft Visual Studio Solution File, Format Version 12.00
# Visual Studio Version 17
VisualStudioVersion = 17.5.002.0
MinimumVisualStudioVersion = 10.0.40219.1
Project("{9A19103F-16F7-4668-BE54-9A1E7A4F7556}") = "NewApp", "NewApp\NewApp.csproj", "{0E3F8CE1-08CB-4D28-9DE4-4FCAC01DA65A}"
EndProject
Global
	GlobalSection(SolutionConfigurationPlatforms) = preSolution
		Debug|Any CPU = Debug|Any CPU
		Release|Any CPU = Release|Any CPU
	EndGlobalSection
	GlobalSection(ProjectConfigurationPlatforms) = postSolution
		{0E3F8CE1-08CB-4D28-9DE4-4FCAC01DA65A}.Debug|Any CPU.ActiveCfg = Debug|Any CPU
		{0E3F8CE1-08CB-4D28-9DE4-4FCAC01DA65A}.Debug|Any CPU.Build.0 = Debug|Any CPU
		{0E3F8CE1-08CB-4D28-9DE4-4FCAC01DA65A}.Release|Any CPU.ActiveCfg = Release|Any CPU
		{0E3F8CE1-08CB-4D28-9DE4-4FCAC01DA65A}.Release|Any CPU.Build.0 = Release|Any CPU
	EndGlobalSection
	GlobalSection(SolutionProperties) = preSolution
		HideSolutionNode = FALSE
	EndGlobalSection
	GlobalSection(ExtensibilityGlobals) = postSolution
		SolutionGuid = {DFF4972A-B1F7-42D1-BF08-B0C54C9A3A04}
	EndGlobalSection
EndGlobal
